
Microsoft Visual Studio Solution File, Format Version 12.00
# Visual Studio Version 17
VisualStudioVersion = 17.5.002.0
MinimumVisualStudioVersion = 10.0.40219.1
Project("{9A19103F-16F7-4668-BE54-9A1E7A4F7556}") = "LinkedList", "LinkedList.csproj", "{0A5EE7AA-C1E9-4494-B374-7AB4ECF7B8AA}"
EndProject
Global
	GlobalSection(SolutionConfigurationPlatforms) = preSolution
		Debug|Any CPU = Debug|Any CPU
		Release|Any CPU = Release|Any CPU
	EndGlobalSection
	GlobalSection(ProjectConfigurationPlatforms) = postSolution
		{0A5EE7AA-C1E9-4494-B374-7AB4ECF7B8AA}.Debug|Any CPU.ActiveCfg = Debug|Any CPU
		{0A5EE7AA-C1E9-4494-B374-7AB4ECF7B8AA}.Debug|Any CPU.Build.0 = Debug|Any CPU
		{0A5EE7AA-C1E9-4494-B374-7AB4ECF7B8AA}.Release|Any CPU.ActiveCfg = Release|Any CPU
		{0A5EE7AA-C1E9-4494-B374-7AB4ECF7B8AA}.Release|Any CPU.Build.0 = Release|Any CPU
	EndGlobalSection
	GlobalSection(SolutionProperties) = preSolution
		HideSolutionNode = FALSE
	EndGlobalSection
	GlobalSection(ExtensibilityGlobals) = postSolution
		SolutionGuid = {7953D6EC-C907-422A-B5B4-8F0DD5E19082}
	EndGlobalSection
EndGlobal
